
Microsoft Visual Studio Solution File, Format Version 12.00
# Visual Studio Version 16
VisualStudioVersion = 16.0.30804.86
MinimumVisualStudioVersion = 10.0.40219.1
Project("{FAE04EC0-301F-11D3-BF4B-00C04F79EFBC}") = "NYP_PROJE", "NYP_PROJE\NYP_PROJE.csproj", "{43C03A8F-9CC7-4174-89BF-4315719372FC}"
EndProject
Global
	GlobalSection(SolutionConfigurationPlatforms) = preSolution
		Debug|Any CPU = Debug|Any CPU
		Release|Any CPU = Release|Any CPU
	EndGlobalSection
	GlobalSection(ProjectConfigurationPlatforms) = postSolution
		{43C03A8F-9CC7-4174-89BF-4315719372FC}.Debug|Any CPU.ActiveCfg = Debug|Any CPU
		{43C03A8F-9CC7-4174-89BF-4315719372FC}.Debug|Any CPU.Build.0 = Debug|Any CPU
		{43C03A8F-9CC7-4174-89BF-4315719372FC}.Release|Any CPU.ActiveCfg = Release|Any CPU
		{43C03A8F-9CC7-4174-89BF-4315719372FC}.Release|Any CPU.Build.0 = Release|Any CPU
	EndGlobalSection
	GlobalSection(SolutionProperties) = preSolution
		HideSolutionNode = FALSE
	EndGlobalSection
	GlobalSection(ExtensibilityGlobals) = postSolution
		SolutionGuid = {7B4B6E23-C818-4878-8A67-1D12E1481DEF}
	EndGlobalSection
EndGlobal
